// !$*UTF8*$!
{
	archiveVersion = 1;
	classes = {
	};
	objectVersion = 46;
	objects = {

/* Begin PBXBuildFile section */
		AF6D539CC3FB0A12F2703A07 /* Pods_TimeZoneConverter.framework in Frameworks */ = {isa = PBXBuildFile; fileRef = E3815657EB6277CC01D32DEB /* Pods_TimeZoneConverter.framework */; };
		F723BA181D7CA3E800613D8D /* AppDelegate.swift in Sources */ = {isa = PBXBuildFile; fileRef = F723BA171D7CA3E800613D8D /* AppDelegate.swift */; };
		F723BA1F1D7CA3E800613D8D /* Assets.xcassets in Resources */ = {isa = PBXBuildFile; fileRef = F723BA1E1D7CA3E800613D8D /* Assets.xcassets */; };
		F723BA2C1D7CA42000613D8D /* NSTimeZone+TimeZoneConverter.swift in Sources */ = {isa = PBXBuildFile; fileRef = F723BA291D7CA42000613D8D /* NSTimeZone+TimeZoneConverter.swift */; };
		F723BA2D1D7CA42000613D8D /* NSString+TZStringDateFormater.m in Sources */ = {isa = PBXBuildFile; fileRef = F723BA2B1D7CA42000613D8D /* NSString+TZStringDateFormater.m */; };
		F723BA2F1D7CA42900613D8D /* TimeZoneConverterController.swift in Sources */ = {isa = PBXBuildFile; fileRef = F723BA2E1D7CA42900613D8D /* TimeZoneConverterController.swift */; };
		F723BA311D7CA45E00613D8D /* Main.storyboard in Resources */ = {isa = PBXBuildFile; fileRef = F723BA301D7CA45E00613D8D /* Main.storyboard */; };
		F723BA331D7CA46400613D8D /* LaunchScreen.xib in Resources */ = {isa = PBXBuildFile; fileRef = F723BA321D7CA46400613D8D /* LaunchScreen.xib */; };
		F723BA3E1D7CAB3000613D8D /* GoogleService-Info.plist in Resources */ = {isa = PBXBuildFile; fileRef = F723BA3D1D7CAB3000613D8D /* GoogleService-Info.plist */; };
/* End PBXBuildFile section */

/* Begin PBXFileReference section */
		230ECC0537766C236E6C97BA /* Pods-TimeZoneConverter.release.xcconfig */ = {isa = PBXFileReference; includeInIndex = 1; lastKnownFileType = text.xcconfig; name = "Pods-TimeZoneConverter.release.xcconfig"; path = "Pods/Target Support Files/Pods-TimeZoneConverter/Pods-TimeZoneConverter.release.xcconfig"; sourceTree = "<group>"; };
		37720B7B88DF23E1EF838E65 /* Pods-TimeZoneConverter.debug.xcconfig */ = {isa = PBXFileReference; includeInIndex = 1; lastKnownFileType = text.xcconfig; name = "Pods-TimeZoneConverter.debug.xcconfig"; path = "Pods/Target Support Files/Pods-TimeZoneConverter/Pods-TimeZoneConverter.debug.xcconfig"; sourceTree = "<group>"; };
		E3815657EB6277CC01D32DEB /* Pods_TimeZoneConverter.framework */ = {isa = PBXFileReference; explicitFileType = wrapper.framework; includeInIndex = 0; path = Pods_TimeZoneConverter.framework; sourceTree = BUILT_PRODUCTS_DIR; };
		F723BA141D7CA3E800613D8D /* TimeZoneConverter.app */ = {isa = PBXFileReference; explicitFileType = wrapper.application; includeInIndex = 0; path = TimeZoneConverter.app; sourceTree = BUILT_PRODUCTS_DIR; };
		F723BA171D7CA3E800613D8D /* AppDelegate.swift */ = {isa = PBXFileReference; lastKnownFileType = sourcecode.swift; path = AppDelegate.swift; sourceTree = "<group>"; };
		F723BA1E1D7CA3E800613D8D /* Assets.xcassets */ = {isa = PBXFileReference; lastKnownFileType = folder.assetcatalog; path = Assets.xcassets; sourceTree = "<group>"; };
		F723BA231D7CA3E800613D8D /* Info.plist */ = {isa = PBXFileReference; lastKnownFileType = text.plist.xml; path = Info.plist; sourceTree = "<group>"; };
		F723BA291D7CA42000613D8D /* NSTimeZone+TimeZoneConverter.swift */ = {isa = PBXFileReference; fileEncoding = 4; lastKnownFileType = sourcecode.swift; path = "NSTimeZone+TimeZoneConverter.swift"; sourceTree = "<group>"; };
		F723BA2A1D7CA42000613D8D /* NSString+TZStringDateFormater.h */ = {isa = PBXFileReference; fileEncoding = 4; lastKnownFileType = sourcecode.c.h; path = "NSString+TZStringDateFormater.h"; sourceTree = "<group>"; };
		F723BA2B1D7CA42000613D8D /* NSString+TZStringDateFormater.m */ = {isa = PBXFileReference; fileEncoding = 4; lastKnownFileType = sourcecode.c.objc; path = "NSString+TZStringDateFormater.m"; sourceTree = "<group>"; };
		F723BA2E1D7CA42900613D8D /* TimeZoneConverterController.swift */ = {isa = PBXFileReference; fileEncoding = 4; lastKnownFileType = sourcecode.swift; path = TimeZoneConverterController.swift; sourceTree = "<group>"; };
		F723BA301D7CA45E00613D8D /* Main.storyboard */ = {isa = PBXFileReference; fileEncoding = 4; lastKnownFileType = file.storyboard; path = Main.storyboard; sourceTree = "<group>"; };
		F723BA321D7CA46400613D8D /* LaunchScreen.xib */ = {isa = PBXFileReference; fileEncoding = 4; lastKnownFileType = file.xib; path = LaunchScreen.xib; sourceTree = "<group>"; };
		F723BA3B1D7CA5A000613D8D /* TimeZoneConverter-Bridging-Header.h */ = {isa = PBXFileReference; fileEncoding = 4; lastKnownFileType = sourcecode.c.h; path = "TimeZoneConverter-Bridging-Header.h"; sourceTree = "<group>"; };
		F723BA3D1D7CAB3000613D8D /* GoogleService-Info.plist */ = {isa = PBXFileReference; fileEncoding = 4; lastKnownFileType = text.plist.xml; path = "GoogleService-Info.plist"; sourceTree = "<group>"; };
/* End PBXFileReference section */

/* Begin PBXFrameworksBuildPhase section */
		F723BA111D7CA3E800613D8D /* Frameworks */ = {
			isa = PBXFrameworksBuildPhase;
			buildActionMask = 2147483647;
			files = (
				AF6D539CC3FB0A12F2703A07 /* Pods_TimeZoneConverter.framework in Frameworks */,
			);
			runOnlyForDeploymentPostprocessing = 0;
		};
/* End PBXFrameworksBuildPhase section */

/* Begin PBXGroup section */
		9247D67D505F693C7FD7503B /* Frameworks */ = {
			isa = PBXGroup;
			children = (
				E3815657EB6277CC01D32DEB /* Pods_TimeZoneConverter.framework */,
			);
			name = Frameworks;
			sourceTree = "<group>";
		};
		F723BA0B1D7CA3E800613D8D = {
			isa = PBXGroup;
			children = (
				F723BA161D7CA3E800613D8D /* TimeZoneConverter */,
				F723BA151D7CA3E800613D8D /* Products */,
				F95EC084D6ECAF08125BE21F /* Pods */,
				9247D67D505F693C7FD7503B /* Frameworks */,
			);
			sourceTree = "<group>";
		};
		F723BA151D7CA3E800613D8D /* Products */ = {
			isa = PBXGroup;
			children = (
				F723BA141D7CA3E800613D8D /* TimeZoneConverter.app */,
			);
			name = Products;
			sourceTree = "<group>";
		};
		F723BA161D7CA3E800613D8D /* TimeZoneConverter */ = {
			isa = PBXGroup;
			children = (
				F723BA341D7CA46D00613D8D /* Extentions */,
				F723BA2E1D7CA42900613D8D /* TimeZoneConverterController.swift */,
				F723BA171D7CA3E800613D8D /* AppDelegate.swift */,
				F723BA301D7CA45E00613D8D /* Main.storyboard */,
				F723BA321D7CA46400613D8D /* LaunchScreen.xib */,
				F723BA1E1D7CA3E800613D8D /* Assets.xcassets */,
				F723BA231D7CA3E800613D8D /* Info.plist */,
				F723BA3B1D7CA5A000613D8D /* TimeZoneConverter-Bridging-Header.h */,
				F723BA3D1D7CAB3000613D8D /* GoogleService-Info.plist */,
			);
			path = TimeZoneConverter;
			sourceTree = "<group>";
		};
		F723BA341D7CA46D00613D8D /* Extentions */ = {
			isa = PBXGroup;
			children = (
				F723BA291D7CA42000613D8D /* NSTimeZone+TimeZoneConverter.swift */,
				F723BA2A1D7CA42000613D8D /* NSString+TZStringDateFormater.h */,
				F723BA2B1D7CA42000613D8D /* NSString+TZStringDateFormater.m */,
			);
			name = Extentions;
			sourceTree = "<group>";
		};
		F95EC084D6ECAF08125BE21F /* Pods */ = {
			isa = PBXGroup;
			children = (
				37720B7B88DF23E1EF838E65 /* Pods-TimeZoneConverter.debug.xcconfig */,
				230ECC0537766C236E6C97BA /* Pods-TimeZoneConverter.release.xcconfig */,
			);
			name = Pods;
			sourceTree = "<group>";
		};
/* End PBXGroup section */

/* Begin PBXNativeTarget section */
		F723BA131D7CA3E800613D8D /* TimeZoneConverter */ = {
			isa = PBXNativeTarget;
			buildConfigurationList = F723BA261D7CA3E800613D8D /* Build configuration list for PBXNativeTarget "TimeZoneConverter" */;
			buildPhases = (
				A3FA333B178C5FED34DE91CF /* 📦 Check Pods Manifest.lock */,
				F723BA101D7CA3E800613D8D /* Sources */,
				F723BA111D7CA3E800613D8D /* Frameworks */,
				F723BA121D7CA3E800613D8D /* Resources */,
				4626C8149C70BBC39882334B /* 📦 Embed Pods Frameworks */,
				AADFD3EC7F59C720B06468DE /* 📦 Copy Pods Resources */,
				F723BA3C1D7CAA3800613D8D /* ShellScript */,
			);
			buildRules = (
			);
			dependencies = (
			);
			name = TimeZoneConverter;
			productName = TimeZoneConverter;
			productReference = F723BA141D7CA3E800613D8D /* TimeZoneConverter.app */;
			productType = "com.apple.product-type.application";
		};
/* End PBXNativeTarget section */

/* Begin PBXProject section */
		F723BA0C1D7CA3E800613D8D /* Project object */ = {
			isa = PBXProject;
			attributes = {
				LastSwiftUpdateCheck = 0730;
				LastUpgradeCheck = 0730;
				ORGANIZATIONNAME = "Yauheni Yarotski";
				TargetAttributes = {
					F723BA131D7CA3E800613D8D = {
						CreatedOnToolsVersion = 7.3.1;
						DevelopmentTeam = 526AE23QKC;
					};
				};
			};
			buildConfigurationList = F723BA0F1D7CA3E800613D8D /* Build configuration list for PBXProject "TimeZoneConverter" */;
			compatibilityVersion = "Xcode 3.2";
			developmentRegion = English;
			hasScannedForEncodings = 0;
			knownRegions = (
				en,
				Base,
			);
			mainGroup = F723BA0B1D7CA3E800613D8D;
			productRefGroup = F723BA151D7CA3E800613D8D /* Products */;
			projectDirPath = "";
			projectRoot = "";
			targets = (
				F723BA131D7CA3E800613D8D /* TimeZoneConverter */,
			);
		};
/* End PBXProject section */

/* Begin PBXResourcesBuildPhase section */
		F723BA121D7CA3E800613D8D /* Resources */ = {
			isa = PBXResourcesBuildPhase;
			buildActionMask = 2147483647;
			files = (
				F723BA3E1D7CAB3000613D8D /* GoogleService-Info.plist in Resources */,
				F723BA331D7CA46400613D8D /* LaunchScreen.xib in Resources */,
				F723BA311D7CA45E00613D8D /* Main.storyboard in Resources */,
				F723BA1F1D7CA3E800613D8D /* Assets.xcassets in Resources */,
			);
			runOnlyForDeploymentPostprocessing = 0;
		};
/* End PBXResourcesBuildPhase section */

/* Begin PBXShellScriptBuildPhase section */
		4626C8149C70BBC39882334B /* 📦 Embed Pods Frameworks */ = {
			isa = PBXShellScriptBuildPhase;
			buildActionMask = 2147483647;
			files = (
			);
			inputPaths = (
			);
			name = "📦 Embed Pods Frameworks";
			outputPaths = (
			);
			runOnlyForDeploymentPostprocessing = 0;
			shellPath = /bin/sh;
			shellScript = "\"${SRCROOT}/Pods/Target Support Files/Pods-TimeZoneConverter/Pods-TimeZoneConverter-frameworks.sh\"\n";
			showEnvVarsInLog = 0;
		};
		A3FA333B178C5FED34DE91CF /* 📦 Check Pods Manifest.lock */ = {
			isa = PBXShellScriptBuildPhase;
			buildActionMask = 2147483647;
			files = (
			);
			inputPaths = (
			);
			name = "📦 Check Pods Manifest.lock";
			outputPaths = (
			);
			runOnlyForDeploymentPostprocessing = 0;
			shellPath = /bin/sh;
			shellScript = "diff \"${PODS_ROOT}/../Podfile.lock\" \"${PODS_ROOT}/Manifest.lock\" > /dev/null\nif [[ $? != 0 ]] ; then\n    cat << EOM\nerror: The sandbox is not in sync with the Podfile.lock. Run 'pod install' or update your CocoaPods installation.\nEOM\n    exit 1\nfi\n";
			showEnvVarsInLog = 0;
		};
		AADFD3EC7F59C720B06468DE /* 📦 Copy Pods Resources */ = {
			isa = PBXShellScriptBuildPhase;
			buildActionMask = 2147483647;
			files = (
			);
			inputPaths = (
			);
			name = "📦 Copy Pods Resources";
			outputPaths = (
			);
			runOnlyForDeploymentPostprocessing = 0;
			shellPath = /bin/sh;
			shellScript = "\"${SRCROOT}/Pods/Target Support Files/Pods-TimeZoneConverter/Pods-TimeZoneConverter-resources.sh\"\n";
			showEnvVarsInLog = 0;
		};
		F723BA3C1D7CAA3800613D8D /* ShellScript */ = {
			isa = PBXShellScriptBuildPhase;
			buildActionMask = 2147483647;
			files = (
			);
			inputPaths = (
			);
			outputPaths = (
			);
			runOnlyForDeploymentPostprocessing = 0;
			shellPath = /bin/sh;
			shellScript = "\"${PODS_ROOT}/Fabric/run\" 38bc2ed0da66e5cfcc3416a67039fa0b6b1bdfa2 a23f0f6eba7083c4ec4898707c1299636a3b9bc78c590d84c5ed61175d2b445c";
		};
/* End PBXShellScriptBuildPhase section */

/* Begin PBXSourcesBuildPhase section */
		F723BA101D7CA3E800613D8D /* Sources */ = {
			isa = PBXSourcesBuildPhase;
			buildActionMask = 2147483647;
			files = (
				F723BA2F1D7CA42900613D8D /* TimeZoneConverterController.swift in Sources */,
				F723BA2D1D7CA42000613D8D /* NSString+TZStringDateFormater.m in Sources */,
				F723BA2C1D7CA42000613D8D /* NSTimeZone+TimeZoneConverter.swift in Sources */,
				F723BA181D7CA3E800613D8D /* AppDelegate.swift in Sources */,
			);
			runOnlyForDeploymentPostprocessing = 0;
		};
/* End PBXSourcesBuildPhase section */

/* Begin XCBuildConfiguration section */
		F723BA241D7CA3E800613D8D /* Debug */ = {
			isa = XCBuildConfiguration;
			buildSettings = {
				ALWAYS_SEARCH_USER_PATHS = NO;
				CLANG_ANALYZER_NONNULL = YES;
				CLANG_CXX_LANGUAGE_STANDARD = "gnu++0x";
				CLANG_CXX_LIBRARY = "libc++";
				CLANG_ENABLE_MODULES = YES;
				CLANG_ENABLE_OBJC_ARC = YES;
				CLANG_WARN_BOOL_CONVERSION = YES;
				CLANG_WARN_CONSTANT_CONVERSION = YES;
				CLANG_WARN_DIRECT_OBJC_ISA_USAGE = YES_ERROR;
				CLANG_WARN_EMPTY_BODY = YES;
				CLANG_WARN_ENUM_CONVERSION = YES;
				CLANG_WARN_INT_CONVERSION = YES;
				CLANG_WARN_OBJC_ROOT_CLASS = YES_ERROR;
				CLANG_WARN_UNREACHABLE_CODE = YES;
				CLANG_WARN__DUPLICATE_METHOD_MATCH = YES;
				"CODE_SIGN_IDENTITY[sdk=iphoneos*]" = "iPhone Developer";
				COPY_PHASE_STRIP = NO;
				DEBUG_INFORMATION_FORMAT = dwarf;
				ENABLE_STRICT_OBJC_MSGSEND = YES;
				ENABLE_TESTABILITY = YES;
				GCC_C_LANGUAGE_STANDARD = gnu99;
				GCC_DYNAMIC_NO_PIC = NO;
				GCC_NO_COMMON_BLOCKS = YES;
				GCC_OPTIMIZATION_LEVEL = 0;
				GCC_PREPROCESSOR_DEFINITIONS = (
					"DEBUG=1",
					"$(inherited)",
				);
				GCC_WARN_64_TO_32_BIT_CONVERSION = YES;
				GCC_WARN_ABOUT_RETURN_TYPE = YES_ERROR;
				GCC_WARN_UNDECLARED_SELECTOR = YES;
				GCC_WARN_UNINITIALIZED_AUTOS = YES_AGGRESSIVE;
				GCC_WARN_UNUSED_FUNCTION = YES;
				GCC_WARN_UNUSED_VARIABLE = YES;
				IPHONEOS_DEPLOYMENT_TARGET = 9.3;
				MTL_ENABLE_DEBUG_INFO = YES;
				ONLY_ACTIVE_ARCH = YES;
				SDKROOT = iphoneos;
				SWIFT_OPTIMIZATION_LEVEL = "-Onone";
				TARGETED_DEVICE_FAMILY = "1,2";
			};
			name = Debug;
		};
		F723BA251D7CA3E800613D8D /* Release */ = {
			isa = XCBuildConfiguration;
			buildSettings = {
				ALWAYS_SEARCH_USER_PATHS = NO;
				CLANG_ANALYZER_NONNULL = YES;
				CLANG_CXX_LANGUAGE_STANDARD = "gnu++0x";
				CLANG_CXX_LIBRARY = "libc++";
				CLANG_ENABLE_MODULES = YES;
				CLANG_ENABLE_OBJC_ARC = YES;
				CLANG_WARN_BOOL_CONVERSION = YES;
				CLANG_WARN_CONSTANT_CONVERSION = YES;
				CLANG_WARN_DIRECT_OBJC_ISA_USAGE = YES_ERROR;
				CLANG_WARN_EMPTY_BODY = YES;
				CLANG_WARN_ENUM_CONVERSION = YES;
				CLANG_WARN_INT_CONVERSION = YES;
				CLANG_WARN_OBJC_ROOT_CLASS = YES_ERROR;
				CLANG_WARN_UNREACHABLE_CODE = YES;
				CLANG_WARN__DUPLICATE_METHOD_MATCH = YES;
				"CODE_SIGN_IDENTITY[sdk=iphoneos*]" = "iPhone Developer";
				COPY_PHASE_STRIP = NO;
				DEBUG_INFORMATION_FORMAT = "dwarf-with-dsym";
				ENABLE_NS_ASSERTIONS = NO;
				ENABLE_STRICT_OBJC_MSGSEND = YES;
				GCC_C_LANGUAGE_STANDARD = gnu99;
				GCC_NO_COMMON_BLOCKS = YES;
				GCC_WARN_64_TO_32_BIT_CONVERSION = YES;
				GCC_WARN_ABOUT_RETURN_TYPE = YES_ERROR;
				GCC_WARN_UNDECLARED_SELECTOR = YES;
				GCC_WARN_UNINITIALIZED_AUTOS = YES_AGGRESSIVE;
				GCC_WARN_UNUSED_FUNCTION = YES;
				GCC_WARN_UNUSED_VARIABLE = YES;
				IPHONEOS_DEPLOYMENT_TARGET = 9.3;
				MTL_ENABLE_DEBUG_INFO = NO;
				SDKROOT = iphoneos;
				TARGETED_DEVICE_FAMILY = "1,2";
				VALIDATE_PRODUCT = YES;
			};
			name = Release;
		};
		F723BA271D7CA3E800613D8D /* Debug */ = {
			isa = XCBuildConfiguration;
			baseConfigurationReference = 37720B7B88DF23E1EF838E65 /* Pods-TimeZoneConverter.debug.xcconfig */;
			buildSettings = {
				ASSETCATALOG_COMPILER_APPICON_NAME = AppIcon;
				CODE_SIGN_IDENTITY = "iPhone Developer";
				INFOPLIST_FILE = TimeZoneConverter/Info.plist;
				IPHONEOS_DEPLOYMENT_TARGET = 8.0;
				LD_RUNPATH_SEARCH_PATHS = "$(inherited) @executable_path/Frameworks";
				PRODUCT_BUNDLE_IDENTIFIER = by.olion.timeZoneConverter;
				PRODUCT_NAME = "$(TARGET_NAME)";
				SWIFT_OBJC_BRIDGING_HEADER = "TimeZoneConverter/TimeZoneConverter-Bridging-Header.h";
			};
			name = Debug;
		};
		F723BA281D7CA3E800613D8D /* Release */ = {
			isa = XCBuildConfiguration;
			baseConfigurationReference = 230ECC0537766C236E6C97BA /* Pods-TimeZoneConverter.release.xcconfig */;
			buildSettings = {
				ASSETCATALOG_COMPILER_APPICON_NAME = AppIcon;
				CODE_SIGN_IDENTITY = "iPhone Developer";
				INFOPLIST_FILE = TimeZoneConverter/Info.plist;
				IPHONEOS_DEPLOYMENT_TARGET = 8.0;
				LD_RUNPATH_SEARCH_PATHS = "$(inherited) @executable_path/Frameworks";
				PRODUCT_BUNDLE_IDENTIFIER = by.olion.timeZoneConverter;
				PRODUCT_NAME = "$(TARGET_NAME)";
				SWIFT_OBJC_BRIDGING_HEADER = "TimeZoneConverter/TimeZoneConverter-Bridging-Header.h";
			};
			name = Release;
		};
/* End XCBuildConfiguration section */

/* Begin XCConfigurationList section */
		F723BA0F1D7CA3E800613D8D /* Build configuration list for PBXProject "TimeZoneConverter" */ = {
			isa = XCConfigurationList;
			buildConfigurations = (
				F723BA241D7CA3E800613D8D /* Debug */,
				F723BA251D7CA3E800613D8D /* Release */,
			);
			defaultConfigurationIsVisible = 0;
			defaultConfigurationName = Release;
		};
		F723BA261D7CA3E800613D8D /* Build configuration list for PBXNativeTarget "TimeZoneConverter" */ = {
			isa = XCConfigurationList;
			buildConfigurations = (
				F723BA271D7CA3E800613D8D /* Debug */,
				F723BA281D7CA3E800613D8D /* Release */,
			);
			defaultConfigurationIsVisible = 0;
			defaultConfigurationName = Release;
		};
/* End XCConfigurationList section */
	};
	rootObject = F723BA0C1D7CA3E800613D8D /* Project object */;
}
